
Microsoft Visual Studio Solution File, Format Version 12.00
# Visual Studio Version 17
VisualStudioVersion = 17.0.31903.59
MinimumVisualStudioVersion = 10.0.40219.1
Project("{2150E333-8FDC-42A3-9474-1A3956D46DE8}") = "src", "src", "{FAAC6ED8-742C-4487-8BF3-8CEACB41BEEC}"
EndProject
Project("{FAE04EC0-301F-11D3-BF4B-00C04F79EFBC}") = "UniProject", "src\UniProject\UniProject.csproj", "{FBF57A1B-29F7-4A1B-A9FD-0280ACF9F3D7}"
EndProject
Project("{2150E333-8FDC-42A3-9474-1A3956D46DE8}") = "test", "test", "{C97F8C7F-89F8-44CB-8CCD-787A9FC82947}"
EndProject
Project("{FAE04EC0-301F-11D3-BF4B-00C04F79EFBC}") = "RepositoryTest", "test\RepositoryTest\RepositoryTest.csproj", "{9504919B-1F02-4D01-A279-848BC38658F0}"
EndProject
Project("{FAE04EC0-301F-11D3-BF4B-00C04F79EFBC}") = "Repository", "src\Repository\Repository.csproj", "{E10497A8-C656-409A-A2F4-A494A763ABAC}"
EndProject
Project("{FAE04EC0-301F-11D3-BF4B-00C04F79EFBC}") = "ServiceTest", "test\ServiceTest\ServiceTest.csproj", "{F110D7C5-2071-4C83-8AB1-F742D1FC0CDE}"
EndProject
Project("{FAE04EC0-301F-11D3-BF4B-00C04F79EFBC}") = "Services", "src\Services\Services.csproj", "{810F8212-8DFD-46F0-8C24-1888B34373F2}"
EndProject
Global
	GlobalSection(SolutionConfigurationPlatforms) = preSolution
		Debug|Any CPU = Debug|Any CPU
		Release|Any CPU = Release|Any CPU
	EndGlobalSection
	GlobalSection(SolutionProperties) = preSolution
		HideSolutionNode = FALSE
	EndGlobalSection
	GlobalSection(ProjectConfigurationPlatforms) = postSolution
		{FBF57A1B-29F7-4A1B-A9FD-0280ACF9F3D7}.Debug|Any CPU.ActiveCfg = Debug|Any CPU
		{FBF57A1B-29F7-4A1B-A9FD-0280ACF9F3D7}.Debug|Any CPU.Build.0 = Debug|Any CPU
		{FBF57A1B-29F7-4A1B-A9FD-0280ACF9F3D7}.Release|Any CPU.ActiveCfg = Release|Any CPU
		{FBF57A1B-29F7-4A1B-A9FD-0280ACF9F3D7}.Release|Any CPU.Build.0 = Release|Any CPU
		{9504919B-1F02-4D01-A279-848BC38658F0}.Debug|Any CPU.ActiveCfg = Debug|Any CPU
		{9504919B-1F02-4D01-A279-848BC38658F0}.Debug|Any CPU.Build.0 = Debug|Any CPU
		{9504919B-1F02-4D01-A279-848BC38658F0}.Release|Any CPU.ActiveCfg = Release|Any CPU
		{9504919B-1F02-4D01-A279-848BC38658F0}.Release|Any CPU.Build.0 = Release|Any CPU
		{E10497A8-C656-409A-A2F4-A494A763ABAC}.Debug|Any CPU.ActiveCfg = Debug|Any CPU
		{E10497A8-C656-409A-A2F4-A494A763ABAC}.Debug|Any CPU.Build.0 = Debug|Any CPU
		{E10497A8-C656-409A-A2F4-A494A763ABAC}.Release|Any CPU.ActiveCfg = Release|Any CPU
		{E10497A8-C656-409A-A2F4-A494A763ABAC}.Release|Any CPU.Build.0 = Release|Any CPU
		{F110D7C5-2071-4C83-8AB1-F742D1FC0CDE}.Debug|Any CPU.ActiveCfg = Debug|Any CPU
		{F110D7C5-2071-4C83-8AB1-F742D1FC0CDE}.Debug|Any CPU.Build.0 = Debug|Any CPU
		{F110D7C5-2071-4C83-8AB1-F742D1FC0CDE}.Release|Any CPU.ActiveCfg = Release|Any CPU
		{F110D7C5-2071-4C83-8AB1-F742D1FC0CDE}.Release|Any CPU.Build.0 = Release|Any CPU
		{810F8212-8DFD-46F0-8C24-1888B34373F2}.Debug|Any CPU.ActiveCfg = Debug|Any CPU
		{810F8212-8DFD-46F0-8C24-1888B34373F2}.Debug|Any CPU.Build.0 = Debug|Any CPU
		{810F8212-8DFD-46F0-8C24-1888B34373F2}.Release|Any CPU.ActiveCfg = Release|Any CPU
		{810F8212-8DFD-46F0-8C24-1888B34373F2}.Release|Any CPU.Build.0 = Release|Any CPU
	EndGlobalSection
	GlobalSection(NestedProjects) = preSolution
		{FBF57A1B-29F7-4A1B-A9FD-0280ACF9F3D7} = {FAAC6ED8-742C-4487-8BF3-8CEACB41BEEC}
		{9504919B-1F02-4D01-A279-848BC38658F0} = {C97F8C7F-89F8-44CB-8CCD-787A9FC82947}
		{E10497A8-C656-409A-A2F4-A494A763ABAC} = {FAAC6ED8-742C-4487-8BF3-8CEACB41BEEC}
		{F110D7C5-2071-4C83-8AB1-F742D1FC0CDE} = {C97F8C7F-89F8-44CB-8CCD-787A9FC82947}
		{810F8212-8DFD-46F0-8C24-1888B34373F2} = {FAAC6ED8-742C-4487-8BF3-8CEACB41BEEC}
	EndGlobalSection
EndGlobal
